
Microsoft Visual Studio Solution File, Format Version 12.00
# Visual Studio Version 17
VisualStudioVersion = 17.3.32825.248
MinimumVisualStudioVersion = 10.0.40219.1
Project("{FAE04EC0-301F-11D3-BF4B-00C04F79EFBC}") = "World.Cup.Simulator", "World.Cup.Simulator\World.Cup.Simulator.csproj", "{A548047C-02E5-4A81-B8F5-42D1AF03A2F9}"
EndProject
Global
	GlobalSection(SolutionConfigurationPlatforms) = preSolution
		Debug|Any CPU = Debug|Any CPU
		Release|Any CPU = Release|Any CPU
	EndGlobalSection
	GlobalSection(ProjectConfigurationPlatforms) = postSolution
		{A548047C-02E5-4A81-B8F5-42D1AF03A2F9}.Debug|Any CPU.ActiveCfg = Debug|Any CPU
		{A548047C-02E5-4A81-B8F5-42D1AF03A2F9}.Debug|Any CPU.Build.0 = Debug|Any CPU
		{A548047C-02E5-4A81-B8F5-42D1AF03A2F9}.Release|Any CPU.ActiveCfg = Release|Any CPU
		{A548047C-02E5-4A81-B8F5-42D1AF03A2F9}.Release|Any CPU.Build.0 = Release|Any CPU
	EndGlobalSection
	GlobalSection(SolutionProperties) = preSolution
		HideSolutionNode = FALSE
	EndGlobalSection
	GlobalSection(ExtensibilityGlobals) = postSolution
		SolutionGuid = {0FE2361F-73C0-4FBA-952C-D807329A7A9E}
	EndGlobalSection
EndGlobal
